lockVersion: 2.0.0
id: 30923d32-a782-4297-8a44-2a8c9d8fa755
management:
  docChecksum: 0712d37e7a822a17421fc57fd9ffaac1
  docVersion: "2.0"
  speakeasyVersion: 1.419.0
  generationVersion: 2.438.3
  releaseVersion: 0.0.1
  configChecksum: 5dbbc4d4414b4dc24c646254e4cdbdf2
features:
  python:
    acceptHeaders: 3.0.0
    additionalDependencies: 1.0.0
    constsAndDefaults: 1.0.4
    core: 5.6.0
    defaultEnabledRetries: 0.2.0
    devContainers: 3.0.0
    enumUnions: 0.1.0
    envVarSecurityUsage: 0.3.1
    flattening: 3.1.0
    globalSecurity: 3.0.2
    globalSecurityCallbacks: 1.0.0
    globalSecurityFlattening: 1.0.0
    globalServerURLs: 3.0.0
    inputOutputModels: 3.0.0
    methodArguments: 1.0.2
    nullables: 1.0.0
    responseFormat: 1.0.1
    retries: 3.0.2
    sdkHooks: 1.0.0
    serverEvents: 1.0.3
    unions: 3.0.2
generatedFiles:
  - .devcontainer/README.md
  - .devcontainer/devcontainer.json
  - .devcontainer/setup.sh
  - .gitattributes
  - .python-version
  - .vscode/settings.json
  - CONTRIBUTING.md
  - USAGE.md
  - docs/models/apiversion.md
  - docs/models/billedunits.md
  - docs/models/choices.md
  - docs/models/content.md
  - docs/models/content2.md
  - docs/models/data.md
  - docs/models/datasetrows.md
  - docs/models/deletev2resourcesdatasetsdatasetidrequest.md
  - docs/models/deletev2resourcesdatasetsdatasetidrowsbulkrequest.md
  - docs/models/deletev2resourcesdatasetsdatasetidrowsrowidrequest.md
  - docs/models/delta.md
  - docs/models/deployments.md
  - docs/models/deployments22.md
  - docs/models/deployments2messagescontenttype.md
  - docs/models/deployments2messagestype.md
  - docs/models/deployments2type.md
  - docs/models/deploymentscontent.md
  - docs/models/deploymentsfunction.md
  - docs/models/deploymentsrole.md
  - docs/models/deploymentstoolcalls.md
  - docs/models/deploymentstype.md
  - docs/models/detail.md
  - docs/models/document.md
  - docs/models/documents.md
  - docs/models/embedding.md
  - docs/models/encodingformat.md
  - docs/models/finishreason.md
  - docs/models/format.md
  - docs/models/four.md
  - docs/models/function.md
  - docs/models/getv2resourcesdatasets21.md
  - docs/models/getv2resourcesdatasets22.md
  - docs/models/getv2resourcesdatasets2imageurl.md
  - docs/models/getv2resourcesdatasets2resourcestype.md
  - docs/models/getv2resourcesdatasets2type.md
  - docs/models/getv2resourcesdatasetscontent.md
  - docs/models/getv2resourcesdatasetscontent2.md
  - docs/models/getv2resourcesdatasetsdatasetid21.md
  - docs/models/getv2resourcesdatasetsdatasetid22.md
  - docs/models/getv2resourcesdatasetsdatasetid2imageurl.md
  - docs/models/getv2resourcesdatasetsdatasetid2resourcestype.md
  - docs/models/getv2resourcesdatasetsdatasetid2type.md
  - docs/models/getv2resourcesdatasetsdatasetidcontent.md
  - docs/models/getv2resourcesdatasetsdatasetidcontent2.md
  - docs/models/getv2resourcesdatasetsdatasetidfunction.md
  - docs/models/getv2resourcesdatasetsdatasetiditems.md
  - docs/models/getv2resourcesdatasetsdatasetidmessages.md
  - docs/models/getv2resourcesdatasetsdatasetidrequest.md
  - docs/models/getv2resourcesdatasetsdatasetidresourcesresponsebody.md
  - docs/models/getv2resourcesdatasetsdatasetidresponsebody.md
  - docs/models/getv2resourcesdatasetsdatasetidrole.md
  - docs/models/getv2resourcesdatasetsdatasetidrows21.md
  - docs/models/getv2resourcesdatasetsdatasetidrows22.md
  - docs/models/getv2resourcesdatasetsdatasetidrows2imageurl.md
  - docs/models/getv2resourcesdatasetsdatasetidrows2resourcestype.md
  - docs/models/getv2resourcesdatasetsdatasetidrows2type.md
  - docs/models/getv2resourcesdatasetsdatasetidrowscontent.md
  - docs/models/getv2resourcesdatasetsdatasetidrowscontent2.md
  - docs/models/getv2resourcesdatasetsdatasetidrowsfunction.md
  - docs/models/getv2resourcesdatasetsdatasetidrowsitems.md
  - docs/models/getv2resourcesdatasetsdatasetidrowsmessages.md
  - docs/models/getv2resourcesdatasetsdatasetidrowsrequest.md
  - docs/models/getv2resourcesdatasetsdatasetidrowsresponsebody.md
  - docs/models/getv2resourcesdatasetsdatasetidrowsrole.md
  - docs/models/getv2resourcesdatasetsdatasetidrowsrowid21.md
  - docs/models/getv2resourcesdatasetsdatasetidrowsrowid22.md
  - docs/models/getv2resourcesdatasetsdatasetidrowsrowid2imageurl.md
  - docs/models/getv2resourcesdatasetsdatasetidrowsrowid2resourcestype.md
  - docs/models/getv2resourcesdatasetsdatasetidrowsrowid2type.md
  - docs/models/getv2resourcesdatasetsdatasetidrowsrowidcontent.md
  - docs/models/getv2resourcesdatasetsdatasetidrowsrowidcontent2.md
  - docs/models/getv2resourcesdatasetsdatasetidrowsrowidfunction.md
  - docs/models/getv2resourcesdatasetsdatasetidrowsrowidmessages.md
  - docs/models/getv2resourcesdatasetsdatasetidrowsrowidrequest.md
  - docs/models/getv2resourcesdatasetsdatasetidrowsrowidresourcesresponsebody.md
  - docs/models/getv2resourcesdatasetsdatasetidrowsrowidresponsebody.md
  - docs/models/getv2resourcesdatasetsdatasetidrowsrowidrole.md
  - docs/models/getv2resourcesdatasetsdatasetidrowsrowidtoolcalls.md
  - docs/models/getv2resourcesdatasetsdatasetidrowsrowidtype.md
  - docs/models/getv2resourcesdatasetsdatasetidrowstoolcalls.md
  - docs/models/getv2resourcesdatasetsdatasetidrowstype.md
  - docs/models/getv2resourcesdatasetsdatasetidtoolcalls.md
  - docs/models/getv2resourcesdatasetsdatasetidtype.md
  - docs/models/getv2resourcesdatasetsfunction.md
  - docs/models/getv2resourcesdatasetsitems.md
  - docs/models/getv2resourcesdatasetsmessages.md
  - docs/models/getv2resourcesdatasetsrequest.md
  - docs/models/getv2resourcesdatasetsresponsebody.md
  - docs/models/getv2resourcesdatasetsrole.md
  - docs/models/getv2resourcesdatasetstoolcalls.md
  - docs/models/getv2resourcesdatasetstype.md
  - docs/models/getv2resourcesdatasetsupdatedby.md
  - docs/models/imageurl.md
  - docs/models/input.md
  - docs/models/inputs.md
  - docs/models/invokeoptions.md
  - docs/models/items.md
  - docs/models/jsonschema.md
  - docs/models/logprobs.md
  - docs/models/message.md
  - docs/models/message1.md
  - docs/models/message2.md
  - docs/models/message3.md
  - docs/models/messagefunction.md
  - docs/models/messagerole.md
  - docs/models/messages.md
  - docs/models/messages1.md
  - docs/models/messages2.md
  - docs/models/messages3.md
  - docs/models/messagescontent.md
  - docs/models/messagesfunction.md
  - docs/models/messagesrole.md
  - docs/models/messagestoolcalls.md
  - docs/models/messagestype.md
  - docs/models/messagetoolcalls.md
  - docs/models/messagetype.md
  - docs/models/meta.md
  - docs/models/metadata.md
  - docs/models/object.md
  - docs/models/one.md
  - docs/models/parameters.md
  - docs/models/patchv2resourcesdatasetsdatasetidrequest.md
  - docs/models/patchv2resourcesdatasetsdatasetidrequestbody.md
  - docs/models/patchv2resourcesdatasetsdatasetidresponsebody.md
  - docs/models/patchv2resourcesdatasetsdatasetidrowsrowid21.md
  - docs/models/patchv2resourcesdatasetsdatasetidrowsrowid22.md
  - docs/models/patchv2resourcesdatasetsdatasetidrowsrowid2imageurl.md
  - docs/models/patchv2resourcesdatasetsdatasetidrowsrowid2resources1.md
  - docs/models/patchv2resourcesdatasetsdatasetidrowsrowid2resources2.md
  - docs/models/patchv2resourcesdatasetsdatasetidrowsrowid2resourcesimageurl.md
  - docs/models/patchv2resourcesdatasetsdatasetidrowsrowid2resourcespublicresponsetype.md
  - docs/models/patchv2resourcesdatasetsdatasetidrowsrowid2resourcespublictype.md
  - docs/models/patchv2resourcesdatasetsdatasetidrowsrowid2resourcestype.md
  - docs/models/patchv2resourcesdatasetsdatasetidrowsrowid2type.md
  - docs/models/patchv2resourcesdatasetsdatasetidrowsrowidcontent.md
  - docs/models/patchv2resourcesdatasetsdatasetidrowsrowidcontent2.md
  - docs/models/patchv2resourcesdatasetsdatasetidrowsrowidcontentresources2.md
  - docs/models/patchv2resourcesdatasetsdatasetidrowsrowidfunction.md
  - docs/models/patchv2resourcesdatasetsdatasetidrowsrowidmessages.md
  - docs/models/patchv2resourcesdatasetsdatasetidrowsrowidrequest.md
  - docs/models/patchv2resourcesdatasetsdatasetidrowsrowidrequestbody.md
  - docs/models/patchv2resourcesdatasetsdatasetidrowsrowidresourcescontent.md
  - docs/models/patchv2resourcesdatasetsdatasetidrowsrowidresourcesfunction.md
  - docs/models/patchv2resourcesdatasetsdatasetidrowsrowidresourcesmessages.md
  - docs/models/patchv2resourcesdatasetsdatasetidrowsrowidresourcesrole.md
  - docs/models/patchv2resourcesdatasetsdatasetidrowsrowidresourcestoolcalls.md
  - docs/models/patchv2resourcesdatasetsdatasetidrowsrowidresourcestype.md
  - docs/models/patchv2resourcesdatasetsdatasetidrowsrowidresponsebody.md
  - docs/models/patchv2resourcesdatasetsdatasetidrowsrowidrole.md
  - docs/models/patchv2resourcesdatasetsdatasetidrowsrowidtoolcalls.md
  - docs/models/patchv2resourcesdatasetsdatasetidrowsrowidtype.md
  - docs/models/performance.md
  - docs/models/photorealversion.md
  - docs/models/postcontactsrequestbody.md
  - docs/models/postcontactsresponsebody.md
  - docs/models/postfeedbackrequestbody.md
  - docs/models/postfeedbackresponsebody.md
  - docs/models/postfeedbackvalue.md
  - docs/models/postv2deploymentsgetconfig21.md
  - docs/models/postv2deploymentsgetconfig22.md
  - docs/models/postv2deploymentsgetconfig22input.md
  - docs/models/postv2deploymentsgetconfig2deployments1.md
  - docs/models/postv2deploymentsgetconfig2deployments2.md
  - docs/models/postv2deploymentsgetconfig2deploymentsimageurl.md
  - docs/models/postv2deploymentsgetconfig2deploymentspublic1.md
  - docs/models/postv2deploymentsgetconfig2deploymentspublicrequesttype.md
  - docs/models/postv2deploymentsgetconfig2deploymentspublicresponse200type.md
  - docs/models/postv2deploymentsgetconfig2deploymentspublicresponsetype.md
  - docs/models/postv2deploymentsgetconfig2deploymentspublictype.md
  - docs/models/postv2deploymentsgetconfig2deploymentstype.md
  - docs/models/postv2deploymentsgetconfig2imageurl.md
  - docs/models/postv2deploymentsgetconfig2imageurlinput.md
  - docs/models/postv2deploymentsgetconfig2type.md
  - docs/models/postv2deploymentsgetconfigcontent.md
  - docs/models/postv2deploymentsgetconfigcontent2.md
  - docs/models/postv2deploymentsgetconfigcontent2input.md
  - docs/models/postv2deploymentsgetconfigcontentdeployments2.md
  - docs/models/postv2deploymentsgetconfigcontentinput.md
  - docs/models/postv2deploymentsgetconfigdeploymentscontent.md
  - docs/models/postv2deploymentsgetconfigdeploymentsfunction.md
  - docs/models/postv2deploymentsgetconfigdeploymentsmessages.md
  - docs/models/postv2deploymentsgetconfigdeploymentspublicfunction.md
  - docs/models/postv2deploymentsgetconfigdeploymentspublicresponse200type.md
  - docs/models/postv2deploymentsgetconfigdeploymentspublicresponsefunction.md
  - docs/models/postv2deploymentsgetconfigdeploymentspublicresponsetype.md
  - docs/models/postv2deploymentsgetconfigdeploymentspublicrole.md
  - docs/models/postv2deploymentsgetconfigdeploymentspublictoolcalls.md
  - docs/models/postv2deploymentsgetconfigdeploymentspublictype.md
  - docs/models/postv2deploymentsgetconfigdeploymentsrole.md
  - docs/models/postv2deploymentsgetconfigdeploymentstoolcalls.md
  - docs/models/postv2deploymentsgetconfigdeploymentstype.md
  - docs/models/postv2deploymentsgetconfigencodingformat.md
  - docs/models/postv2deploymentsgetconfigfunction.md
  - docs/models/postv2deploymentsgetconfiginputs.md
  - docs/models/postv2deploymentsgetconfiginvokeoptions.md
  - docs/models/postv2deploymentsgetconfigmessages.md
  - docs/models/postv2deploymentsgetconfigparameters.md
  - docs/models/postv2deploymentsgetconfigprefixmessages.md
  - docs/models/postv2deploymentsgetconfigquality.md
  - docs/models/postv2deploymentsgetconfigrequestbody.md
  - docs/models/postv2deploymentsgetconfigresponsebody.md
  - docs/models/postv2deploymentsgetconfigresponseformat.md
  - docs/models/postv2deploymentsgetconfigresponseformattype.md
  - docs/models/postv2deploymentsgetconfigrole.md
  - docs/models/postv2deploymentsgetconfigtoolcalls.md
  - docs/models/postv2deploymentsgetconfigtools.md
  - docs/models/postv2deploymentsgetconfigtype.md
  - docs/models/postv2deploymentsgetconfiguserid.md
  - docs/models/postv2deploymentsidmetrics21.md
  - docs/models/postv2deploymentsidmetrics22.md
  - docs/models/postv2deploymentsidmetrics2deploymentstype.md
  - docs/models/postv2deploymentsidmetrics2imageurl.md
  - docs/models/postv2deploymentsidmetrics2type.md
  - docs/models/postv2deploymentsidmetricscontent.md
  - docs/models/postv2deploymentsidmetricscontent2.md
  - docs/models/postv2deploymentsidmetricsfeedback.md
  - docs/models/postv2deploymentsidmetricsfunction.md
  - docs/models/postv2deploymentsidmetricsmessagedeploymentsrole.md
  - docs/models/postv2deploymentsidmetricsmessagerole.md
  - docs/models/postv2deploymentsidmetricsmessages.md
  - docs/models/postv2deploymentsidmetricsrequest.md
  - docs/models/postv2deploymentsidmetricsrequestbody.md
  - docs/models/postv2deploymentsidmetricsresponsebody.md
  - docs/models/postv2deploymentsidmetricsrole.md
  - docs/models/postv2deploymentsidmetricstoolcalls.md
  - docs/models/postv2deploymentsidmetricstype.md
  - docs/models/postv2deploymentsinvokechoices.md
  - docs/models/postv2deploymentsinvokedeploymentsresponsebody.md
  - docs/models/postv2deploymentsinvokemessage.md
  - docs/models/postv2deploymentsinvokemessage1.md
  - docs/models/postv2deploymentsinvokemessage2.md
  - docs/models/postv2deploymentsinvokemessagedeploymentspublicrole.md
  - docs/models/postv2deploymentsinvokemessagedeploymentsrole.md
  - docs/models/postv2deploymentsinvokemessagefunction.md
  - docs/models/postv2deploymentsinvokemessagerole.md
  - docs/models/postv2deploymentsinvokemessagetoolcalls.md
  - docs/models/postv2deploymentsinvokemessagetype.md
  - docs/models/postv2deploymentsinvokeresponse.md
  - docs/models/postv2deploymentsinvokeresponsebody.md
  - docs/models/postv2filesbulkfilespurpose.md
  - docs/models/postv2filesbulkpurpose.md
  - docs/models/postv2filesbulkrequestbody.md
  - docs/models/postv2filespurpose.md
  - docs/models/postv2filesrequestbody.md
  - docs/models/postv2filesresponsebody.md
  - docs/models/postv2resourcesdatasetsdatasetidrows21.md
  - docs/models/postv2resourcesdatasetsdatasetidrows22.md
  - docs/models/postv2resourcesdatasetsdatasetidrows2imageurl.md
  - docs/models/postv2resourcesdatasetsdatasetidrows2resources1.md
  - docs/models/postv2resourcesdatasetsdatasetidrows2resources2.md
  - docs/models/postv2resourcesdatasetsdatasetidrows2resourcesimageurl.md
  - docs/models/postv2resourcesdatasetsdatasetidrows2resourcespublicresponsetype.md
  - docs/models/postv2resourcesdatasetsdatasetidrows2resourcespublictype.md
  - docs/models/postv2resourcesdatasetsdatasetidrows2resourcestype.md
  - docs/models/postv2resourcesdatasetsdatasetidrows2type.md
  - docs/models/postv2resourcesdatasetsdatasetidrowsbulk21.md
  - docs/models/postv2resourcesdatasetsdatasetidrowsbulk22.md
  - docs/models/postv2resourcesdatasetsdatasetidrowsbulk2imageurl.md
  - docs/models/postv2resourcesdatasetsdatasetidrowsbulk2resources1.md
  - docs/models/postv2resourcesdatasetsdatasetidrowsbulk2resources2.md
  - docs/models/postv2resourcesdatasetsdatasetidrowsbulk2resourcesimageurl.md
  - docs/models/postv2resourcesdatasetsdatasetidrowsbulk2resourcespublicresponsetype.md
  - docs/models/postv2resourcesdatasetsdatasetidrowsbulk2resourcespublictype.md
  - docs/models/postv2resourcesdatasetsdatasetidrowsbulk2resourcestype.md
  - docs/models/postv2resourcesdatasetsdatasetidrowsbulk2type.md
  - docs/models/postv2resourcesdatasetsdatasetidrowsbulkcontent.md
  - docs/models/postv2resourcesdatasetsdatasetidrowsbulkcontent2.md
  - docs/models/postv2resourcesdatasetsdatasetidrowsbulkcontentresources2.md
  - docs/models/postv2resourcesdatasetsdatasetidrowsbulkfunction.md
  - docs/models/postv2resourcesdatasetsdatasetidrowsbulkmessages.md
  - docs/models/postv2resourcesdatasetsdatasetidrowsbulkrequest.md
  - docs/models/postv2resourcesdatasetsdatasetidrowsbulkrequestbody.md
  - docs/models/postv2resourcesdatasetsdatasetidrowsbulkresourcescontent.md
  - docs/models/postv2resourcesdatasetsdatasetidrowsbulkresourcesfunction.md
  - docs/models/postv2resourcesdatasetsdatasetidrowsbulkresourcesmessages.md
  - docs/models/postv2resourcesdatasetsdatasetidrowsbulkresourcesrole.md
  - docs/models/postv2resourcesdatasetsdatasetidrowsbulkresourcestoolcalls.md
  - docs/models/postv2resourcesdatasetsdatasetidrowsbulkresourcestype.md
  - docs/models/postv2resourcesdatasetsdatasetidrowsbulkresponsebody.md
  - docs/models/postv2resourcesdatasetsdatasetidrowsbulkrole.md
  - docs/models/postv2resourcesdatasetsdatasetidrowsbulktoolcalls.md
  - docs/models/postv2resourcesdatasetsdatasetidrowsbulktype.md
  - docs/models/postv2resourcesdatasetsdatasetidrowscontent.md
  - docs/models/postv2resourcesdatasetsdatasetidrowscontent2.md
  - docs/models/postv2resourcesdatasetsdatasetidrowscontentresources2.md
  - docs/models/postv2resourcesdatasetsdatasetidrowsfunction.md
  - docs/models/postv2resourcesdatasetsdatasetidrowsmessages.md
  - docs/models/postv2resourcesdatasetsdatasetidrowsrequest.md
  - docs/models/postv2resourcesdatasetsdatasetidrowsrequestbody.md
  - docs/models/postv2resourcesdatasetsdatasetidrowsresourcescontent.md
  - docs/models/postv2resourcesdatasetsdatasetidrowsresourcesfunction.md
  - docs/models/postv2resourcesdatasetsdatasetidrowsresourcesmessages.md
  - docs/models/postv2resourcesdatasetsdatasetidrowsresourcesrole.md
  - docs/models/postv2resourcesdatasetsdatasetidrowsresourcestoolcalls.md
  - docs/models/postv2resourcesdatasetsdatasetidrowsresourcestype.md
  - docs/models/postv2resourcesdatasetsdatasetidrowsresponsebody.md
  - docs/models/postv2resourcesdatasetsdatasetidrowsrole.md
  - docs/models/postv2resourcesdatasetsdatasetidrowstoolcalls.md
  - docs/models/postv2resourcesdatasetsdatasetidrowstype.md
  - docs/models/postv2resourcesdatasetsrequestbody.md
  - docs/models/postv2resourcesdatasetsresponsebody.md
  - docs/models/postv2routerchatcompletions21.md
  - docs/models/postv2routerchatcompletions22.md
  - docs/models/postv2routerchatcompletions2detail.md
  - docs/models/postv2routerchatcompletions2imageurl.md
  - docs/models/postv2routerchatcompletions2router1.md
  - docs/models/postv2routerchatcompletions2router2.md
  - docs/models/postv2routerchatcompletions2routerimageurl.md
  - docs/models/postv2routerchatcompletions2routerpublic1.md
  - docs/models/postv2routerchatcompletions2routerpublic2.md
  - docs/models/postv2routerchatcompletions2routerpublicimageurl.md
  - docs/models/postv2routerchatcompletions2routerpublicrequestrequestbodymessagestype.md
  - docs/models/postv2routerchatcompletions2routerpublicrequestrequestbodytype.md
  - docs/models/postv2routerchatcompletions2routerpublicrequesttype.md
  - docs/models/postv2routerchatcompletions2routerpublictype.md
  - docs/models/postv2routerchatcompletions2routertype.md
  - docs/models/postv2routerchatcompletions2type.md
  - docs/models/postv2routerchatcompletionscontent2.md
  - docs/models/postv2routerchatcompletionscontentrouter2.md
  - docs/models/postv2routerchatcompletionscontentrouterpublic2.md
  - docs/models/postv2routerchatcompletionsfunction.md
  - docs/models/postv2routerchatcompletionsmessages.md
  - docs/models/postv2routerchatcompletionsmessagescontent.md
  - docs/models/postv2routerchatcompletionsmessagesrole.md
  - docs/models/postv2routerchatcompletionsmessagesroutercontent.md
  - docs/models/postv2routerchatcompletionsmessagesrouterpubliccontent.md
  - docs/models/postv2routerchatcompletionsmessagesrouterpublicrole.md
  - docs/models/postv2routerchatcompletionsmessagesrouterrole.md
  - docs/models/postv2routerchatcompletionsrequestbody.md
  - docs/models/postv2routerchatcompletionsresponse.md
  - docs/models/postv2routerchatcompletionsresponsebody.md
  - docs/models/postv2routerchatcompletionsresponsebodychoices.md
  - docs/models/postv2routerchatcompletionsresponsebodycontent.md
  - docs/models/postv2routerchatcompletionsresponsebodyfinishreason.md
  - docs/models/postv2routerchatcompletionsresponsebodyfunction.md
  - docs/models/postv2routerchatcompletionsresponsebodyrole.md
  - docs/models/postv2routerchatcompletionsresponsebodyroutertoplogprobs.md
  - docs/models/postv2routerchatcompletionsresponsebodytoolcalls.md
  - docs/models/postv2routerchatcompletionsresponsebodytoplogprobs.md
  - docs/models/postv2routerchatcompletionsresponsebodytype.md
  - docs/models/postv2routerchatcompletionsresponsebodyusage.md
  - docs/models/postv2routerchatcompletionsrouterresponsebody.md
  - docs/models/postv2routerchatcompletionsroutertype.md
  - docs/models/postv2routerchatcompletionstype.md
  - docs/models/postv2routercompletionschoices.md
  - docs/models/postv2routercompletionsrequestbody.md
  - docs/models/postv2routercompletionsresponsebody.md
  - docs/models/postv2routercompletionsusage.md
  - docs/models/postv2routerembeddingsobject.md
  - docs/models/postv2routerembeddingsrequestbody.md
  - docs/models/postv2routerembeddingsresponsebody.md
  - docs/models/postv2routerembeddingsrouterobject.md
  - docs/models/postv2routerembeddingsusage.md
  - docs/models/postv2routerimagesgenerationschoices.md
  - docs/models/postv2routerimagesgenerationsmessage.md
  - docs/models/postv2routerimagesgenerationsmessage1.md
  - docs/models/postv2routerimagesgenerationsmessage2.md
  - docs/models/postv2routerimagesgenerationsmessage3.md
  - docs/models/postv2routerimagesgenerationsmessagefunction.md
  - docs/models/postv2routerimagesgenerationsmessagerole.md
  - docs/models/postv2routerimagesgenerationsmessagerouterpublicrole.md
  - docs/models/postv2routerimagesgenerationsmessagerouterrole.md
  - docs/models/postv2routerimagesgenerationsmessagetoolcalls.md
  - docs/models/postv2routerimagesgenerationsmessagetype.md
  - docs/models/postv2routerimagesgenerationsrequestbody.md
  - docs/models/postv2routerimagesgenerationsresponsebody.md
  - docs/models/postv2routerrerankrequestbody.md
  - docs/models/postv2routerrerankresponsebody.md
  - docs/models/prefixmessages.md
  - docs/models/prompt.md
  - docs/models/provider.md
  - docs/models/purpose.md
  - docs/models/quality.md
  - docs/models/refusal.md
  - docs/models/responsebody.md
  - docs/models/responsebody1.md
  - docs/models/responsebody2.md
  - docs/models/responsebodychoices.md
  - docs/models/responsebodycontent.md
  - docs/models/responsebodyfinishreason.md
  - docs/models/responsebodyfunction.md
  - docs/models/responsebodylogprobs.md
  - docs/models/responsebodymessage.md
  - docs/models/responsebodyrefusal.md
  - docs/models/responsebodyrole.md
  - docs/models/responsebodytoolcalls.md
  - docs/models/responsebodytoplogprobs.md
  - docs/models/responsebodytype.md
  - docs/models/responsebodyusage.md
  - docs/models/responseformat.md
  - docs/models/responseformat1.md
  - docs/models/responseformat2.md
  - docs/models/responseformattype.md
  - docs/models/results.md
  - docs/models/retrievals.md
  - docs/models/role.md
  - docs/models/security.md
  - docs/models/size.md
  - docs/models/stop.md
  - docs/models/three.md
  - docs/models/tokens.md
  - docs/models/toolcalls.md
  - docs/models/tools.md
  - docs/models/toplogprobs.md
  - docs/models/two.md
  - docs/models/two1.md
  - docs/models/two2.md
  - docs/models/twodetail.md
  - docs/models/twoimageurl.md
  - docs/models/twotype.md
  - docs/models/type.md
  - docs/models/updatedby.md
  - docs/models/usage.md
  - docs/models/userid.md
  - docs/models/utils/retryconfig.md
  - docs/models/value.md
  - docs/sdks/contacts/README.md
  - docs/sdks/deploymentssdk/README.md
  - docs/sdks/feedback/README.md
  - docs/sdks/files/README.md
  - docs/sdks/orq/README.md
  - docs/sdks/public/README.md
  - docs/sdks/resources/README.md
  - docs/sdks/router/README.md
  - poetry.toml
  - py.typed
  - pylintrc
  - pyproject.toml
  - scripts/compile.sh
  - scripts/prepare-readme.py
  - scripts/publish.sh
  - src/orq_python_client/__init__.py
  - src/orq_python_client/_hooks/__init__.py
  - src/orq_python_client/_hooks/sdkhooks.py
  - src/orq_python_client/_hooks/types.py
  - src/orq_python_client/_version.py
  - src/orq_python_client/basesdk.py
  - src/orq_python_client/contacts.py
  - src/orq_python_client/deployments_sdk.py
  - src/orq_python_client/feedback.py
  - src/orq_python_client/files.py
  - src/orq_python_client/httpclient.py
  - src/orq_python_client/models/__init__.py
  - src/orq_python_client/models/delete_v2_resources_datasets_dataset_id_op.py
  - src/orq_python_client/models/delete_v2_resources_datasets_dataset_id_rows_bulkop.py
  - src/orq_python_client/models/delete_v2_resources_datasets_dataset_id_rows_row_id_op.py
  - src/orq_python_client/models/deployments.py
  - src/orq_python_client/models/get_v2_resources_datasets_dataset_id_op.py
  - src/orq_python_client/models/get_v2_resources_datasets_dataset_id_rows_row_id_op.py
  - src/orq_python_client/models/get_v2_resources_datasets_dataset_id_rowsop.py
  - src/orq_python_client/models/get_v2_resources_datasetsop.py
  - src/orq_python_client/models/patch_v2_resources_datasets_dataset_id_op.py
  - src/orq_python_client/models/patch_v2_resources_datasets_dataset_id_rows_row_id_op.py
  - src/orq_python_client/models/post_contactsop.py
  - src/orq_python_client/models/post_feedbackop.py
  - src/orq_python_client/models/post_v2_deployments_get_configop.py
  - src/orq_python_client/models/post_v2_deployments_id_metricsop.py
  - src/orq_python_client/models/post_v2_deployments_invokeop.py
  - src/orq_python_client/models/post_v2_files_bulkop.py
  - src/orq_python_client/models/post_v2_filesop.py
  - src/orq_python_client/models/post_v2_resources_datasets_dataset_id_rows_bulkop.py
  - src/orq_python_client/models/post_v2_resources_datasets_dataset_id_rowsop.py
  - src/orq_python_client/models/post_v2_resources_datasetsop.py
  - src/orq_python_client/models/post_v2_router_chat_completionsop.py
  - src/orq_python_client/models/post_v2_router_completionsop.py
  - src/orq_python_client/models/post_v2_router_embeddingsop.py
  - src/orq_python_client/models/post_v2_router_images_generationsop.py
  - src/orq_python_client/models/post_v2_router_rerankop.py
  - src/orq_python_client/models/sdkerror.py
  - src/orq_python_client/models/security.py
  - src/orq_python_client/public.py
  - src/orq_python_client/py.typed
  - src/orq_python_client/resources.py
  - src/orq_python_client/router.py
  - src/orq_python_client/sdk.py
  - src/orq_python_client/sdkconfiguration.py
  - src/orq_python_client/types/__init__.py
  - src/orq_python_client/types/basemodel.py
  - src/orq_python_client/utils/__init__.py
  - src/orq_python_client/utils/annotations.py
  - src/orq_python_client/utils/enums.py
  - src/orq_python_client/utils/eventstreaming.py
  - src/orq_python_client/utils/forms.py
  - src/orq_python_client/utils/headers.py
  - src/orq_python_client/utils/logger.py
  - src/orq_python_client/utils/metadata.py
  - src/orq_python_client/utils/queryparams.py
  - src/orq_python_client/utils/requestbodies.py
  - src/orq_python_client/utils/retries.py
  - src/orq_python_client/utils/security.py
  - src/orq_python_client/utils/serializers.py
  - src/orq_python_client/utils/url.py
  - src/orq_python_client/utils/values.py
examples:
  post_/contacts:
    speakeasy-default-post-/contacts:
      requestBody:
        application/json: {"external_id": "<id>"}
      responses:
        "200":
          application/json: {"success": true}
  post_/feedback:
    "":
      requestBody:
        application/json: {"property": "rating", "value": ["good"], "trace_id": "67HTZ65Z9W91HSF51CW68KK1QH"}
      responses:
        "200":
          application/json: {"property": "<value>", "value": "<value>", "trace_id": "<id>", "id": "<id>"}
  post_/v2/deployments/get_config:
    speakeasy-default-post-/v2-/deployments/get-config:
      requestBody:
        application/json: {"key": "<key>"}
      responses:
        "200":
          application/json: {"id": "<id>", "provider": "<value>", "model": "Explorer", "messages": [{"role": "system", "content": "<value>"}, {"role": "user", "content": [{"type": "image_url", "image_url": {"url": "https://wobbly-harp.name"}}]}, {"role": "assistant", "content": [{"type": "text", "text": "<value>"}, {"type": "text", "text": "<value>"}]}]}
  post_/v2/deployments/invoke:
    speakeasy-default-post-/v2-/deployments/invoke:
      requestBody:
        application/json: {"key": "<key>"}
      responses:
        "200":
          application/json: {"id": "<id>", "created": "2023-09-30T20:46:04.314Z", "object": "chat", "model": "Accord", "provider": "google-ai", "is_final": true, "choices": []}
  post_/v2/deployments/{id}/metrics:
    speakeasy-default-post-/v2-/deployments/{id}/metrics:
      parameters:
        path:
          id: "<id>"
      responses:
        "200":
          application/json: {"code": "418.94", "success": true}
  post_/v2/files:
    speakeasy-default-post-/v2-/files:
      responses:
        "200":
          application/json: {"_id": "<id>", "object_name": "<value>", "purpose": "retrieval", "bytes": "587.72", "file_name": "example.file"}
  post_/v2/files/bulk:
    speakeasy-default-post-/v2-/files/bulk:
      requestBody:
        multipart/form-data: {"files": [], "purpose": "retrieval"}
      responses:
        "200":
          application/json: []
  post_/v2/router/embeddings:
    speakeasy-default-post-/v2-/router/embeddings:
      requestBody:
        application/json: {"input": "<value>", "model": "Accord"}
      responses:
        "200":
          application/json: {"object": "list", "data": [{"object": "embedding", "embedding": [], "index": "5011.00"}, {"object": "embedding", "embedding": "<value>", "index": "8076.69"}, {"object": "embedding", "embedding": ["3624.61", "3278.34"], "index": "5462.94"}], "model": "Taurus", "usage": {"prompt_tokens": "1442.96", "total_tokens": "8074.39"}}
  post_/v2/router/chat/completions:
    speakeasy-default-post-/v2-/router/chat/completions:
      requestBody:
        application/json: {"model": "Land Cruiser", "messages": [{"role": "tool", "tool_call_id": "<id>", "content": "<value>"}]}
      responses:
        "200":
          application/json: {"id": "<id>", "choices": [{"finish_reason": "tool_calls", "index": "1486.49", "logprobs": {"content": [{"token": "<value>", "logprob": "2644.65", "bytes": ["8038.28", "379.60"], "top_logprobs": [{"token": "<value>", "logprob": "3899.37", "bytes": ["7192.33", "1442.13"]}, {"token": "<value>", "logprob": "5367.29", "bytes": ["1604.15"]}]}, {"token": "<value>", "logprob": "57.93", "bytes": ["9924.98"], "top_logprobs": [{"token": "<value>", "logprob": "108.92", "bytes": ["3006.35", "8280.13", "9595.61"]}, {"token": "<value>", "logprob": "9457.57", "bytes": ["9909.46", "8477.76"]}, {"token": "<value>", "logprob": "7392.15", "bytes": ["291.86", "56.16"]}]}, {"token": "<value>", "logprob": "499.57", "bytes": ["2753.09", "9535.70", "776.70"], "top_logprobs": [{"token": "<value>", "logprob": "4472.96", "bytes": ["357.46", "646.56", "9497.39"]}]}], "refusal": []}, "delta": {"content": "<value>", "refusal": "<value>", "tool_calls": [], "role": "assistant"}}], "created": "6111.01", "model": "Ranchero", "system_fingerprint": "<value>", "object": "<value>", "usage": {"completion_tokens": "6741.92", "prompt_tokens": "1180.99", "total_tokens": "3079.43"}}
  post_/v2/router/completions:
    speakeasy-default-post-/v2-/router/completions:
      responses:
        "200":
          application/json: {"id": "<id>", "choices": [{"finish_reason": "stop", "index": "1168.96", "text": "<value>"}, {"finish_reason": "stop", "index": "7003.89", "text": "<value>"}], "created": "9961.28", "model": "Charger", "system_fingerprint": "<value>", "object": "<value>", "usage": {"completion_tokens": "3408.35", "prompt_tokens": "3824.96", "total_tokens": "8119.02"}}
  post_/v2/router/rerank:
    speakeasy-default-post-/v2-/router/rerank:
      responses:
        "200":
          application/json: {"results": [{"index": "4079.57", "relevance_score": "1009.11"}, {"index": "5824.08", "relevance_score": "5034.91"}]}
  post_/v2/router/images/generations:
    speakeasy-default-post-/v2-/router/images/generations:
      responses:
        "200":
          application/json: {"id": "<id>", "created": "2215.02", "choices": [{"index": "9621.64"}, {"index": "3627.94"}, {"index": "6464.02"}], "model": "Escalade", "object": "<value>"}
  post_/v2/resources/datasets:
    speakeasy-default-post-/v2-/resources/datasets:
      responses:
        "200":
          application/json: {"display_name": "Donato.Hilpert83", "domain_id": "2a7e968c-a8a9-4c77-a01c-48a11cd627aa"}
  get_/v2/resources/datasets:
    speakeasy-default-get-/v2-/resources/datasets:
      parameters:
        query:
          page: "1698.73"
          limit: "6833.85"
      responses:
        "200":
          application/json: {"count": "3905.93", "page": "7804.31", "limit": "3017.22", "totalPages": "2636.38", "items": [{"id": "305c2107-1d32-498a-a127-f1ac5342554e", "display_name": "Asa.McKenzie33", "domain_id": "5fdfa97b-b9b3-4fb0-b338-d1a92b03a0cc", "updated_by": {"id": "d44d058b-60cc-4e1f-bb6d-b5736abc4f35", "email": "Kip.Hudson85@yahoo.com", "display_name": "Daren49", "logo_url": "https://insecure-custody.org"}, "updated_by_id": "d308bfc9-6326-4e11-80fd-218041092786", "items": [{"id": "b95c5491-846b-43ef-997d-f7731cab8713", "messages": [{"role": "expected_output", "content": [{"type": "text", "text": "<value>"}]}]}]}, {"id": "410db1fc-f02e-4d8a-9fac-073f840f3c61", "display_name": "Tatyana13", "domain_id": "fed025c3-df6f-4abd-b58c-bc70aa969ff2", "updated_by": {"id": "92fd3188-b2d3-4cad-8a6c-c99159b98950", "email": "Lessie_Hauck@hotmail.com", "display_name": "Lue_Schuster41", "logo_url": "https://reasonable-wombat.com/"}, "updated_by_id": "2c0413f9-672c-4c1e-9512-bcbba48e4702", "items": [{"id": "b0208307-3d0a-4a9b-a14d-86ca4979bc2c", "messages": [{"role": "assistant", "content": []}]}, {"id": "9e8c3346-f974-4850-b74a-375245841b67", "messages": []}, {"id": "8b584160-8cbe-43c0-9785-04c0475b9630", "messages": [{"role": "expected_output", "content": [{"type": "text", "text": "<value>"}, {"type": "text", "text": "<value>"}, {"type": "text", "text": "<value>"}]}]}]}, {"id": "446ae8a5-12a7-46a1-90d6-9a256157f8be", "display_name": "Danyka55", "domain_id": "b0f52e3b-b1a5-4a78-a9b0-fe76c6cd3642", "updated_by": {"id": "ffa85fe1-4bd8-4233-b009-8ab1d86a6a7d", "email": "Raegan49@yahoo.com", "display_name": "Brandt34", "logo_url": "https://parched-luck.name"}, "updated_by_id": "24eb6c00-a611-415a-96f6-c401bf6d2aa0", "items": [{"id": "ae0d1427-dcec-4c0d-be29-4d4a7ba9208b", "messages": [{"role": "correction", "content": "<value>"}]}]}]}
  delete_/v2/resources/datasets/{dataset_id}:
    speakeasy-default-delete-/v2-/resources/datasets/{dataset-id}:
      parameters:
        path:
          dataset_id: "<id>"
  get_/v2/resources/datasets/{dataset_id}:
    speakeasy-default-get-/v2-/resources/datasets/{dataset-id}:
      parameters:
        path:
          dataset_id: "<id>"
      responses:
        "200":
          application/json: {"id": "c617ebfe-6608-44a0-b20e-5021751453b4", "display_name": "Annie72", "domain_id": "6af1184b-f020-4f87-80c0-07262e2e96bb", "updated_by": {"id": "abe24ad1-c2b9-4956-8e4e-e7729a6b5050", "email": "Golda78@hotmail.com", "display_name": "Arlene_Ferry53", "logo_url": "https://different-heartbeat.info/"}, "updated_by_id": "7b3f0fcb-a3b2-4318-8fa8-05855d353019", "items": [{"id": "e8fec165-8a17-4f61-83db-c4285032ace6", "messages": []}]}
        "404":
          application/json: {"message": "<value>"}
  patch_/v2/resources/datasets/{dataset_id}:
    speakeasy-default-patch-/v2-/resources/datasets/{dataset-id}:
      parameters:
        path:
          dataset_id: "<id>"
  post_/v2/resources/datasets/{dataset_id}/rows/bulk:
    speakeasy-default-post-/v2-/resources/datasets/{dataset-id}/rows/bulk:
      parameters:
        path:
          dataset_id: "<id>"
      requestBody:
        application/json: {"datasetRows": [{"messages": [{"role": "assistant", "content": "You are a helpful assistant.", "tool_calls": [{"id": "tool-id", "index": 0, "type": "function", "function": {"name": "some-function", "arguments": "some-args"}}]}]}]}
      responses:
        "200":
          application/json: [{"id": "uuid-string", "messages": [{"role": "assistant", "content": "You are a helpful assistant.", "tool_calls": [{"id": "tool-id", "index": 0, "type": "function", "function": {"name": "some-function", "arguments": "some-args"}}]}]}]
  delete_/v2/resources/datasets/{dataset_id}/rows/bulk:
    speakeasy-default-delete-/v2-/resources/datasets/{dataset-id}/rows/bulk:
      parameters:
        path:
          dataset_id: "<id>"
  post_/v2/resources/datasets/{dataset_id}/rows:
    speakeasy-default-post-/v2-/resources/datasets/{dataset-id}/rows:
      parameters:
        path:
          dataset_id: "<id>"
      responses:
        "200":
          application/json: {"id": "uuid-string", "messages": [{"role": "assistant", "content": "You are a helpful assistant.", "tool_calls": [{"id": "tool-id", "index": 0, "type": "function", "function": {"name": "some-function", "arguments": "some-args"}}]}]}
  get_/v2/resources/datasets/{dataset_id}/rows:
    speakeasy-default-get-/v2-/resources/datasets/{dataset-id}/rows:
      parameters:
        path:
          dataset_id: "<id>"
      responses:
        "200":
          application/json: {"count": "731.53", "page": "8393.45", "limit": "9494.82", "totalPages": "5036.10", "items": [{"id": "7a62452e-2e9a-4868-a91e-93369bfbf25a", "messages": []}, {"id": "5e6ee6b4-9787-48dd-b34c-9308954cf82b", "messages": [{"role": "exception", "content": [{"type": "image_url", "image_url": {"url": "https://considerate-bakeware.info/"}}]}]}]}
  delete_/v2/resources/datasets/{dataset_id}/rows/{row_id}:
    speakeasy-default-delete-/v2-/resources/datasets/{dataset-id}/rows/{row-id}:
      parameters:
        path:
          dataset_id: "<id>"
          row_id: "<id>"
  get_/v2/resources/datasets/{dataset_id}/rows/{row_id}:
    speakeasy-default-get-/v2-/resources/datasets/{dataset-id}/rows/{row-id}:
      parameters:
        path:
          dataset_id: "<id>"
          row_id: "<id>"
      responses:
        "200":
          application/json: {"id": "f4a7457c-11bc-4a78-b076-1b9ac35ff9fc", "messages": [{"role": "exception", "content": "<value>"}, {"role": "system", "content": [{"type": "text", "text": "<value>"}]}, {"role": "prompt", "content": []}]}
        "404":
          application/json: {"message": "<value>"}
  patch_/v2/resources/datasets/{dataset_id}/rows/{row_id}:
    speakeasy-default-patch-/v2-/resources/datasets/{dataset-id}/rows/{row-id}:
      parameters:
        path:
          dataset_id: "<id>"
          row_id: "<id>"
      responses:
        "200":
          application/json: {"messages": []}
