speakeasyVersion: 1.438.1
sources:
    orq-OAS:
        sourceNamespace: orq-oas
        sourceRevisionDigest: sha256:86e084aec1769c25b9fe21d8775ad9606816b7938a984d6a14c97a23b5eeffd5
        sourceBlobDigest: sha256:0fd423c028b4c7e52eb024d856773ccdd6b3bbe067a5600fe30af1f37dc8eba3
        tags:
            - latest
            - main
targets:
    orq:
        source: orq-OAS
        sourceNamespace: orq-oas
        sourceRevisionDigest: sha256:86e084aec1769c25b9fe21d8775ad9606816b7938a984d6a14c97a23b5eeffd5
        sourceBlobDigest: sha256:0fd423c028b4c7e52eb024d856773ccdd6b3bbe067a5600fe30af1f37dc8eba3
        codeSamplesNamespace: orq-oas-code-samples
        codeSamplesRevisionDigest: sha256:8ad2d36eadd95d8cea749122d110a7023083352234d73fcdcaf3aadbce21b7a0
workflow:
    workflowVersion: 1.0.0
    speakeasyVersion: latest
    sources:
        orq-OAS:
            inputs:
                - location: https://raw.githubusercontent.com/haroldorquesta/test-orq-python-client/refs/heads/main/openapi.json
            overlays:
                - location: https://raw.githubusercontent.com/haroldorquesta/test-orq-python-client/refs/heads/main/openapi-overlay.yaml
            registry:
                location: registry.speakeasyapi.dev/orq/orq/orq-oas
    targets:
        orq:
            target: python
            source: orq-OAS
            publish:
                pypi:
                    token: $pypi_token
            codeSamples:
                registry:
                    location: registry.speakeasyapi.dev/orq/orq/orq-oas-code-samples
                blocking: false
