speakeasyVersion: 1.440.0
sources:
    orq-OAS:
        sourceNamespace: orq-oas
        sourceRevisionDigest: sha256:0ffcc24a29ce7501027785b1ba21fe4966688c406d1357793c42c13193322e9c
        sourceBlobDigest: sha256:b4ea70c863d7a25ccddb6642692ac4505d182fa6f8b378030f6ebd273d451df9
        tags:
            - latest
            - speakeasy-sdk-regen-1731669693
targets:
    orq:
        source: orq-OAS
        sourceNamespace: orq-oas
        sourceRevisionDigest: sha256:0ffcc24a29ce7501027785b1ba21fe4966688c406d1357793c42c13193322e9c
        sourceBlobDigest: sha256:b4ea70c863d7a25ccddb6642692ac4505d182fa6f8b378030f6ebd273d451df9
        codeSamplesNamespace: orq-oas-code-samples
        codeSamplesRevisionDigest: sha256:d9ae97015b7fc3d5607d46e4a05fc0bdda14661ea3aff2261e7fc92af7a3555c
workflow:
    workflowVersion: 1.0.0
    speakeasyVersion: latest
    sources:
        orq-OAS:
            inputs:
                - location: https://raw.githubusercontent.com/haroldorquesta/test-orq-python-client/refs/heads/main/openapi.json
            overlays:
                - location: https://raw.githubusercontent.com/haroldorquesta/test-orq-python-client/refs/heads/main/openapi-overlay.yaml
            registry:
                location: registry.speakeasyapi.dev/orq/orq/orq-oas
    targets:
        orq:
            target: python
            source: orq-OAS
            publish:
                pypi:
                    token: $pypi_token
            codeSamples:
                registry:
                    location: registry.speakeasyapi.dev/orq/orq/orq-oas-code-samples
                blocking: false
